// !$*UTF8*$!
{
	archiveVersion = 1;
	classes = {
	};
	objectVersion = 56;
	objects = {

/* Begin PBXBuildFile section */
		01C7CE1C2C4623C500C0C4E8 /* testSearchVC.xib in Resources */ = {isa = PBXBuildFile; fileRef = 01C7CE1B2C4623C500C0C4E8 /* testSearchVC.xib */; };
		01C7CE1D2C4623C500C0C4E8 /* testSearchVC.m in Sources */ = {isa = PBXBuildFile; fileRef = 01C7CE1A2C4623C500C0C4E8 /* testSearchVC.m */; };
		01E76CDF2C33B1F300143560 /* AppDelegate.m in Sources */ = {isa = PBXBuildFile; fileRef = 01E76CDE2C33B1F300143560 /* AppDelegate.m */; };
		01E76CE22C33B1F300143560 /* SceneDelegate.m in Sources */ = {isa = PBXBuildFile; fileRef = 01E76CE12C33B1F300143560 /* SceneDelegate.m */; };
		01E76CE52C33B1F300143560 /* ViewController.m in Sources */ = {isa = PBXBuildFile; fileRef = 01E76CE42C33B1F300143560 /* ViewController.m */; };
		01E76CE82C33B1F300143560 /* Base in Resources */ = {isa = PBXBuildFile; fileRef = 01E76CE72C33B1F300143560 /* Base */; };
		01E76CEA2C33B1F400143560 /* Assets.xcassets in Resources */ = {isa = PBXBuildFile; fileRef = 01E76CE92C33B1F400143560 /* Assets.xcassets */; };
		01E76CED2C33B1F400143560 /* Base in Resources */ = {isa = PBXBuildFile; fileRef = 01E76CEC2C33B1F400143560 /* Base */; };
		01E76CF02C33B1F400143560 /* main.m in Sources */ = {isa = PBXBuildFile; fileRef = 01E76CEF2C33B1F400143560 /* main.m */; };
		01E76CFA2C33EA8B00143560 /* File.swift in Sources */ = {isa = PBXBuildFile; fileRef = 01E76CF92C33EA8B00143560 /* File.swift */; };
		8C09407770230F84AE42F80A /* Pods_LocalTool.framework in Frameworks */ = {isa = PBXBuildFile; fileRef = 6194B4B3B6D31134F31BB2D6 /* Pods_LocalTool.framework */; };
/* End PBXBuildFile section */

/* Begin PBXFileReference section */
		01C7CE192C4623C500C0C4E8 /* testSearchVC.h */ = {isa = PBXFileReference; lastKnownFileType = sourcecode.c.h; path = testSearchVC.h; sourceTree = "<group>"; };
		01C7CE1A2C4623C500C0C4E8 /* testSearchVC.m */ = {isa = PBXFileReference; lastKnownFileType = sourcecode.c.objc; path = testSearchVC.m; sourceTree = "<group>"; };
		01C7CE1B2C4623C500C0C4E8 /* testSearchVC.xib */ = {isa = PBXFileReference; lastKnownFileType = file.xib; path = testSearchVC.xib; sourceTree = "<group>"; };
		01E76CDA2C33B1F300143560 /* LocalTool.app */ = {isa = PBXFileReference; explicitFileType = wrapper.application; includeInIndex = 0; path = LocalTool.app; sourceTree = BUILT_PRODUCTS_DIR; };
		01E76CDD2C33B1F300143560 /* AppDelegate.h */ = {isa = PBXFileReference; lastKnownFileType = sourcecode.c.h; path = AppDelegate.h; sourceTree = "<group>"; };
		01E76CDE2C33B1F300143560 /* AppDelegate.m */ = {isa = PBXFileReference; lastKnownFileType = sourcecode.c.objc; path = AppDelegate.m; sourceTree = "<group>"; };
		01E76CE02C33B1F300143560 /* SceneDelegate.h */ = {isa = PBXFileReference; lastKnownFileType = sourcecode.c.h; path = SceneDelegate.h; sourceTree = "<group>"; };
		01E76CE12C33B1F300143560 /* SceneDelegate.m */ = {isa = PBXFileReference; lastKnownFileType = sourcecode.c.objc; path = SceneDelegate.m; sourceTree = "<group>"; };
		01E76CE32C33B1F300143560 /* ViewController.h */ = {isa = PBXFileReference; lastKnownFileType = sourcecode.c.h; path = ViewController.h; sourceTree = "<group>"; };
		01E76CE42C33B1F300143560 /* ViewController.m */ = {isa = PBXFileReference; lastKnownFileType = sourcecode.c.objc; path = ViewController.m; sourceTree = "<group>"; };
		01E76CE72C33B1F300143560 /* Base */ = {isa = PBXFileReference; lastKnownFileType = file.storyboard; name = Base; path = Base.lproj/Main.storyboard; sourceTree = "<group>"; };
		01E76CE92C33B1F400143560 /* Assets.xcassets */ = {isa = PBXFileReference; lastKnownFileType = folder.assetcatalog; path = Assets.xcassets; sourceTree = "<group>"; };
		01E76CEC2C33B1F400143560 /* Base */ = {isa = PBXFileReference; lastKnownFileType = file.storyboard; name = Base; path = Base.lproj/LaunchScreen.storyboard; sourceTree = "<group>"; };
		01E76CEE2C33B1F400143560 /* Info.plist */ = {isa = PBXFileReference; lastKnownFileType = text.plist.xml; path = Info.plist; sourceTree = "<group>"; };
		01E76CEF2C33B1F400143560 /* main.m */ = {isa = PBXFileReference; lastKnownFileType = sourcecode.c.objc; path = main.m; sourceTree = "<group>"; };
		01E76CF82C33EA8B00143560 /* LocalTool-Bridging-Header.h */ = {isa = PBXFileReference; lastKnownFileType = sourcecode.c.h; path = "LocalTool-Bridging-Header.h"; sourceTree = "<group>"; };
		01E76CF92C33EA8B00143560 /* File.swift */ = {isa = PBXFileReference; lastKnownFileType = sourcecode.swift; path = File.swift; sourceTree = "<group>"; };
		48A5A43E868225ACBFAE4D25 /* Pods-LocalTool.debug.xcconfig */ = {isa = PBXFileReference; includeInIndex = 1; lastKnownFileType = text.xcconfig; name = "Pods-LocalTool.debug.xcconfig"; path = "Target Support Files/Pods-LocalTool/Pods-LocalTool.debug.xcconfig"; sourceTree = "<group>"; };
		6194B4B3B6D31134F31BB2D6 /* Pods_LocalTool.framework */ = {isa = PBXFileReference; explicitFileType = wrapper.framework; includeInIndex = 0; path = Pods_LocalTool.framework; sourceTree = BUILT_PRODUCTS_DIR; };
		8DA67C1A7954C74745F0F09A /* Pods-LocalTool.release.xcconfig */ = {isa = PBXFileReference; includeInIndex = 1; lastKnownFileType = text.xcconfig; name = "Pods-LocalTool.release.xcconfig"; path = "Target Support Files/Pods-LocalTool/Pods-LocalTool.release.xcconfig"; sourceTree = "<group>"; };
/* End PBXFileReference section */

/* Begin PBXFrameworksBuildPhase section */
		01E76CD72C33B1F300143560 /* Frameworks */ = {
			isa = PBXFrameworksBuildPhase;
			buildActionMask = 2147483647;
			files = (
				8C09407770230F84AE42F80A /* Pods_LocalTool.framework in Frameworks */,
			);
			runOnlyForDeploymentPostprocessing = 0;
		};
/* End PBXFrameworksBuildPhase section */

/* Begin PBXGroup section */
		01C7CE052C44B0EB00C0C4E8 /* baseViewController */ = {
			isa = PBXGroup;
			children = (
				01E76CDD2C33B1F300143560 /* AppDelegate.h */,
				01E76CDE2C33B1F300143560 /* AppDelegate.m */,
				01E76CE02C33B1F300143560 /* SceneDelegate.h */,
				01E76CE12C33B1F300143560 /* SceneDelegate.m */,
				01E76CE32C33B1F300143560 /* ViewController.h */,
				01E76CE42C33B1F300143560 /* ViewController.m */,
				01E76CF92C33EA8B00143560 /* File.swift */,
				01E76CE62C33B1F300143560 /* Main.storyboard */,
				01E76CE92C33B1F400143560 /* Assets.xcassets */,
				01E76CEB2C33B1F400143560 /* LaunchScreen.storyboard */,
				01E76CEE2C33B1F400143560 /* Info.plist */,
				01E76CEF2C33B1F400143560 /* main.m */,
				01E76CF82C33EA8B00143560 /* LocalTool-Bridging-Header.h */,
			);
			name = baseViewController;
			sourceTree = "<group>";
		};
		01E76CD12C33B1F300143560 = {
			isa = PBXGroup;
			children = (
				01E76CDC2C33B1F300143560 /* LocalTool */,
				01E76CDB2C33B1F300143560 /* Products */,
				DA75A8AC1612DE81392E1448 /* Pods */,
				85C2BE862079813B88434336 /* Frameworks */,
			);
			sourceTree = "<group>";
		};
		01E76CDB2C33B1F300143560 /* Products */ = {
			isa = PBXGroup;
			children = (
				01E76CDA2C33B1F300143560 /* LocalTool.app */,
			);
			name = Products;
			sourceTree = "<group>";
		};
		01E76CDC2C33B1F300143560 /* LocalTool */ = {
			isa = PBXGroup;
			children = (
				01C7CE052C44B0EB00C0C4E8 /* baseViewController */,
				01E76CF62C33E9DE00143560 /* mainCode */,
			);
			path = LocalTool;
			sourceTree = "<group>";
		};
		01E76CF62C33E9DE00143560 /* mainCode */ = {
			isa = PBXGroup;
			children = (
				01C7CE192C4623C500C0C4E8 /* testSearchVC.h */,
				01C7CE1A2C4623C500C0C4E8 /* testSearchVC.m */,
				01C7CE1B2C4623C500C0C4E8 /* testSearchVC.xib */,
			);
			path = mainCode;
			sourceTree = "<group>";
		};
		85C2BE862079813B88434336 /* Frameworks */ = {
			isa = PBXGroup;
			children = (
				6194B4B3B6D31134F31BB2D6 /* Pods_LocalTool.framework */,
			);
			name = Frameworks;
			sourceTree = "<group>";
		};
		DA75A8AC1612DE81392E1448 /* Pods */ = {
			isa = PBXGroup;
			children = (
				48A5A43E868225ACBFAE4D25 /* Pods-LocalTool.debug.xcconfig */,
				8DA67C1A7954C74745F0F09A /* Pods-LocalTool.release.xcconfig */,
			);
			path = Pods;
			sourceTree = "<group>";
		};
/* End PBXGroup section */

/* Begin PBXNativeTarget section */
		01E76CD92C33B1F300143560 /* LocalTool */ = {
			isa = PBXNativeTarget;
			buildConfigurationList = 01E76CF32C33B1F400143560 /* Build configuration list for PBXNativeTarget "LocalTool" */;
			buildPhases = (
				7BCE485378F289D80D530724 /* [CP] Check Pods Manifest.lock */,
				01E76CD62C33B1F300143560 /* Sources */,
				01E76CD72C33B1F300143560 /* Frameworks */,
				01E76CD82C33B1F300143560 /* Resources */,
				C634957A8A9D7D452C50953F /* [CP] Embed Pods Frameworks */,
			);
			buildRules = (
			);
			dependencies = (
			);
			name = LocalTool;
			productName = LocalTool;
			productReference = 01E76CDA2C33B1F300143560 /* LocalTool.app */;
			productType = "com.apple.product-type.application";
		};
/* End PBXNativeTarget section */

/* Begin PBXProject section */
		01E76CD22C33B1F300143560 /* Project object */ = {
			isa = PBXProject;
			attributes = {
				BuildIndependentTargetsInParallel = 1;
				LastUpgradeCheck = 1530;
				TargetAttributes = {
					01E76CD92C33B1F300143560 = {
						CreatedOnToolsVersion = 15.3;
						LastSwiftMigration = 1530;
					};
				};
			};
			buildConfigurationList = 01E76CD52C33B1F300143560 /* Build configuration list for PBXProject "LocalTool" */;
			compatibilityVersion = "Xcode 14.0";
			developmentRegion = en;
			hasScannedForEncodings = 0;
			knownRegions = (
				en,
				Base,
			);
			mainGroup = 01E76CD12C33B1F300143560;
			productRefGroup = 01E76CDB2C33B1F300143560 /* Products */;
			projectDirPath = "";
			projectRoot = "";
			targets = (
				01E76CD92C33B1F300143560 /* LocalTool */,
			);
		};
/* End PBXProject section */

/* Begin PBXResourcesBuildPhase section */
		01E76CD82C33B1F300143560 /* Resources */ = {
			isa = PBXResourcesBuildPhase;
			buildActionMask = 2147483647;
			files = (
				01C7CE1C2C4623C500C0C4E8 /* testSearchVC.xib in Resources */,
				01E76CEA2C33B1F400143560 /* Assets.xcassets in Resources */,
				01E76CED2C33B1F400143560 /* Base in Resources */,
				01E76CE82C33B1F300143560 /* Base in Resources */,
			);
			runOnlyForDeploymentPostprocessing = 0;
		};
/* End PBXResourcesBuildPhase section */

/* Begin PBXShellScriptBuildPhase section */
		7BCE485378F289D80D530724 /* [CP] Check Pods Manifest.lock */ = {
			isa = PBXShellScriptBuildPhase;
			buildActionMask = 2147483647;
			files = (
			);
			inputFileListPaths = (
			);
			inputPaths = (
				"${PODS_PODFILE_DIR_PATH}/Podfile.lock",
				"${PODS_ROOT}/Manifest.lock",
			);
			name = "[CP] Check Pods Manifest.lock";
			outputFileListPaths = (
			);
			outputPaths = (
				"$(DERIVED_FILE_DIR)/Pods-LocalTool-checkManifestLockResult.txt",
			);
			runOnlyForDeploymentPostprocessing = 0;
			shellPath = /bin/sh;
			shellScript = "diff \"${PODS_PODFILE_DIR_PATH}/Podfile.lock\" \"${PODS_ROOT}/Manifest.lock\" > /dev/null\nif [ $? != 0 ] ; then\n    # print error to STDERR\n    echo \"error: The sandbox is not in sync with the Podfile.lock. Run 'pod install' or update your CocoaPods installation.\" >&2\n    exit 1\nfi\n# This output is used by Xcode 'outputs' to avoid re-running this script phase.\necho \"SUCCESS\" > \"${SCRIPT_OUTPUT_FILE_0}\"\n";
			showEnvVarsInLog = 0;
		};
		C634957A8A9D7D452C50953F /* [CP] Embed Pods Frameworks */ = {
			isa = PBXShellScriptBuildPhase;
			buildActionMask = 2147483647;
			files = (
			);
			inputFileListPaths = (
				"${PODS_ROOT}/Target Support Files/Pods-LocalTool/Pods-LocalTool-frameworks-${CONFIGURATION}-input-files.xcfilelist",
			);
			name = "[CP] Embed Pods Frameworks";
			outputFileListPaths = (
				"${PODS_ROOT}/Target Support Files/Pods-LocalTool/Pods-LocalTool-frameworks-${CONFIGURATION}-output-files.xcfilelist",
			);
			runOnlyForDeploymentPostprocessing = 0;
			shellPath = /bin/sh;
			shellScript = "\"${PODS_ROOT}/Target Support Files/Pods-LocalTool/Pods-LocalTool-frameworks.sh\"\n";
			showEnvVarsInLog = 0;
		};
/* End PBXShellScriptBuildPhase section */

/* Begin PBXSourcesBuildPhase section */
		01E76CD62C33B1F300143560 /* Sources */ = {
			isa = PBXSourcesBuildPhase;
			buildActionMask = 2147483647;
			files = (
				01E76CFA2C33EA8B00143560 /* File.swift in Sources */,
				01E76CE52C33B1F300143560 /* ViewController.m in Sources */,
				01E76CDF2C33B1F300143560 /* AppDelegate.m in Sources */,
				01E76CF02C33B1F400143560 /* main.m in Sources */,
				01C7CE1D2C4623C500C0C4E8 /* testSearchVC.m in Sources */,
				01E76CE22C33B1F300143560 /* SceneDelegate.m in Sources */,
			);
			runOnlyForDeploymentPostprocessing = 0;
		};
/* End PBXSourcesBuildPhase section */

/* Begin PBXVariantGroup section */
		01E76CE62C33B1F300143560 /* Main.storyboard */ = {
			isa = PBXVariantGroup;
			children = (
				01E76CE72C33B1F300143560 /* Base */,
			);
			name = Main.storyboard;
			sourceTree = "<group>";
		};
		01E76CEB2C33B1F400143560 /* LaunchScreen.storyboard */ = {
			isa = PBXVariantGroup;
			children = (
				01E76CEC2C33B1F400143560 /* Base */,
			);
			name = LaunchScreen.storyboard;
			sourceTree = "<group>";
		};
/* End PBXVariantGroup section */

/* Begin XCBuildConfiguration section */
		01E76CF12C33B1F400143560 /* Debug */ = {
			isa = XCBuildConfiguration;
			buildSettings = {
				ALWAYS_SEARCH_USER_PATHS = NO;
				ASSETCATALOG_COMPILER_GENERATE_SWIFT_ASSET_SYMBOL_EXTENSIONS = YES;
				CLANG_ANALYZER_NONNULL = YES;
				CLANG_ANALYZER_NUMBER_OBJECT_CONVERSION = YES_AGGRESSIVE;
				CLANG_CXX_LANGUAGE_STANDARD = "gnu++20";
				CLANG_ENABLE_MODULES = YES;
				CLANG_ENABLE_OBJC_ARC = YES;
				CLANG_ENABLE_OBJC_WEAK = YES;
				CLANG_WARN_BLOCK_CAPTURE_AUTORELEASING = YES;
				CLANG_WARN_BOOL_CONVERSION = YES;
				CLANG_WARN_COMMA = YES;
				CLANG_WARN_CONSTANT_CONVERSION = YES;
				CLANG_WARN_DEPRECATED_OBJC_IMPLEMENTATIONS = YES;
				CLANG_WARN_DIRECT_OBJC_ISA_USAGE = YES_ERROR;
				CLANG_WARN_DOCUMENTATION_COMMENTS = YES;
				CLANG_WARN_EMPTY_BODY = YES;
				CLANG_WARN_ENUM_CONVERSION = YES;
				CLANG_WARN_INFINITE_RECURSION = YES;
				CLANG_WARN_INT_CONVERSION = YES;
				CLANG_WARN_NON_LITERAL_NULL_CONVERSION = YES;
				CLANG_WARN_OBJC_IMPLICIT_RETAIN_SELF = YES;
				CLANG_WARN_OBJC_LITERAL_CONVERSION = YES;
				CLANG_WARN_OBJC_ROOT_CLASS = YES_ERROR;
				CLANG_WARN_QUOTED_INCLUDE_IN_FRAMEWORK_HEADER = YES;
				CLANG_WARN_RANGE_LOOP_ANALYSIS = YES;
				CLANG_WARN_STRICT_PROTOTYPES = YES;
				CLANG_WARN_SUSPICIOUS_MOVE = YES;
				CLANG_WARN_UNGUARDED_AVAILABILITY = YES_AGGRESSIVE;
				CLANG_WARN_UNREACHABLE_CODE = YES;
				CLANG_WARN__DUPLICATE_METHOD_MATCH = YES;
				COPY_PHASE_STRIP = NO;
				DEBUG_INFORMATION_FORMAT = dwarf;
				ENABLE_STRICT_OBJC_MSGSEND = YES;
				ENABLE_TESTABILITY = YES;
				ENABLE_USER_SCRIPT_SANDBOXING = YES;
				GCC_C_LANGUAGE_STANDARD = gnu17;
				GCC_DYNAMIC_NO_PIC = NO;
				GCC_NO_COMMON_BLOCKS = YES;
				GCC_OPTIMIZATION_LEVEL = 0;
				GCC_PREPROCESSOR_DEFINITIONS = (
					"DEBUG=1",
					"$(inherited)",
				);
				GCC_WARN_64_TO_32_BIT_CONVERSION = YES;
				GCC_WARN_ABOUT_RETURN_TYPE = YES_ERROR;
				GCC_WARN_UNDECLARED_SELECTOR = YES;
				GCC_WARN_UNINITIALIZED_AUTOS = YES_AGGRESSIVE;
				GCC_WARN_UNUSED_FUNCTION = YES;
				GCC_WARN_UNUSED_VARIABLE = YES;
				IPHONEOS_DEPLOYMENT_TARGET = 17.4;
				LOCALIZATION_PREFERS_STRING_CATALOGS = YES;
				MTL_ENABLE_DEBUG_INFO = INCLUDE_SOURCE;
				MTL_FAST_MATH = YES;
				ONLY_ACTIVE_ARCH = YES;
				SDKROOT = iphoneos;
			};
			name = Debug;
		};
		01E76CF22C33B1F400143560 /* Release */ = {
			isa = XCBuildConfiguration;
			buildSettings = {
				ALWAYS_SEARCH_USER_PATHS = NO;
				ASSETCATALOG_COMPILER_GENERATE_SWIFT_ASSET_SYMBOL_EXTENSIONS = YES;
				CLANG_ANALYZER_NONNULL = YES;
				CLANG_ANALYZER_NUMBER_OBJECT_CONVERSION = YES_AGGRESSIVE;
				CLANG_CXX_LANGUAGE_STANDARD = "gnu++20";
				CLANG_ENABLE_MODULES = YES;
				CLANG_ENABLE_OBJC_ARC = YES;
				CLANG_ENABLE_OBJC_WEAK = YES;
				CLANG_WARN_BLOCK_CAPTURE_AUTORELEASING = YES;
				CLANG_WARN_BOOL_CONVERSION = YES;
				CLANG_WARN_COMMA = YES;
				CLANG_WARN_CONSTANT_CONVERSION = YES;
				CLANG_WARN_DEPRECATED_OBJC_IMPLEMENTATIONS = YES;
				CLANG_WARN_DIRECT_OBJC_ISA_USAGE = YES_ERROR;
				CLANG_WARN_DOCUMENTATION_COMMENTS = YES;
				CLANG_WARN_EMPTY_BODY = YES;
				CLANG_WARN_ENUM_CONVERSION = YES;
				CLANG_WARN_INFINITE_RECURSION = YES;
				CLANG_WARN_INT_CONVERSION = YES;
				CLANG_WARN_NON_LITERAL_NULL_CONVERSION = YES;
				CLANG_WARN_OBJC_IMPLICIT_RETAIN_SELF = YES;
				CLANG_WARN_OBJC_LITERAL_CONVERSION = YES;
				CLANG_WARN_OBJC_ROOT_CLASS = YES_ERROR;
				CLANG_WARN_QUOTED_INCLUDE_IN_FRAMEWORK_HEADER = YES;
				CLANG_WARN_RANGE_LOOP_ANALYSIS = YES;
				CLANG_WARN_STRICT_PROTOTYPES = YES;
				CLANG_WARN_SUSPICIOUS_MOVE = YES;
				CLANG_WARN_UNGUARDED_AVAILABILITY = YES_AGGRESSIVE;
				CLANG_WARN_UNREACHABLE_CODE = YES;
				CLANG_WARN__DUPLICATE_METHOD_MATCH = YES;
				COPY_PHASE_STRIP = NO;
				DEBUG_INFORMATION_FORMAT = "dwarf-with-dsym";
				ENABLE_NS_ASSERTIONS = NO;
				ENABLE_STRICT_OBJC_MSGSEND = YES;
				ENABLE_USER_SCRIPT_SANDBOXING = YES;
				GCC_C_LANGUAGE_STANDARD = gnu17;
				GCC_NO_COMMON_BLOCKS = YES;
				GCC_WARN_64_TO_32_BIT_CONVERSION = YES;
				GCC_WARN_ABOUT_RETURN_TYPE = YES_ERROR;
				GCC_WARN_UNDECLARED_SELECTOR = YES;
				GCC_WARN_UNINITIALIZED_AUTOS = YES_AGGRESSIVE;
				GCC_WARN_UNUSED_FUNCTION = YES;
				GCC_WARN_UNUSED_VARIABLE = YES;
				IPHONEOS_DEPLOYMENT_TARGET = 17.4;
				LOCALIZATION_PREFERS_STRING_CATALOGS = YES;
				MTL_ENABLE_DEBUG_INFO = NO;
				MTL_FAST_MATH = YES;
				SDKROOT = iphoneos;
				VALIDATE_PRODUCT = YES;
			};
			name = Release;
		};
		01E76CF42C33B1F400143560 /* Debug */ = {
			isa = XCBuildConfiguration;
			baseConfigurationReference = 48A5A43E868225ACBFAE4D25 /* Pods-LocalTool.debug.xcconfig */;
			buildSettings = {
				ASSETCATALOG_COMPILER_APPICON_NAME = AppIcon;
				ASSETCATALOG_COMPILER_GLOBAL_ACCENT_COLOR_NAME = AccentColor;
				CLANG_ENABLE_MODULES = YES;
				CODE_SIGN_STYLE = Automatic;
				CURRENT_PROJECT_VERSION = 1;
				DEVELOPMENT_TEAM = P2PF46GCFF;
				ENABLE_USER_SCRIPT_SANDBOXING = NO;
				GENERATE_INFOPLIST_FILE = YES;
				INFOPLIST_FILE = LocalTool/Info.plist;
				INFOPLIST_KEY_UIApplicationSupportsIndirectInputEvents = YES;
				INFOPLIST_KEY_UILaunchStoryboardName = LaunchScreen;
				INFOPLIST_KEY_UIMainStoryboardFile = Main;
				INFOPLIST_KEY_UISupportedInterfaceOrientations_iPad = "UIInterfaceOrientationPortrait UIInterfaceOrientationPortraitUpsideDown UIInterfaceOrientationLandscapeLeft UIInterfaceOrientationLandscapeRight";
				INFOPLIST_KEY_UISupportedInterfaceOrientations_iPhone = "UIInterfaceOrientationPortrait UIInterfaceOrientationLandscapeLeft UIInterfaceOrientationLandscapeRight";
				LD_RUNPATH_SEARCH_PATHS = (
					"$(inherited)",
					"@executable_path/Frameworks",
				);
				MARKETING_VERSION = 1.0;
				PRODUCT_BUNDLE_IDENTIFIER = com.junmaly.xmdemo.LocalTool;
				PRODUCT_NAME = "$(TARGET_NAME)";
				SWIFT_EMIT_LOC_STRINGS = YES;
				SWIFT_OBJC_BRIDGING_HEADER = "LocalTool/LocalTool-Bridging-Header.h";
				SWIFT_OPTIMIZATION_LEVEL = "-Onone";
				SWIFT_VERSION = 5.0;
				TARGETED_DEVICE_FAMILY = "1,2";
			};
			name = Debug;
		};
		01E76CF52C33B1F400143560 /* Release */ = {
			isa = XCBuildConfiguration;
			baseConfigurationReference = 8DA67C1A7954C74745F0F09A /* Pods-LocalTool.release.xcconfig */;
			buildSettings = {
				ASSETCATALOG_COMPILER_APPICON_NAME = AppIcon;
				ASSETCATALOG_COMPILER_GLOBAL_ACCENT_COLOR_NAME = AccentColor;
				CLANG_ENABLE_MODULES = YES;
				CODE_SIGN_STYLE = Automatic;
				CURRENT_PROJECT_VERSION = 1;
				DEVELOPMENT_TEAM = P2PF46GCFF;
				ENABLE_USER_SCRIPT_SANDBOXING = NO;
				GENERATE_INFOPLIST_FILE = YES;
				INFOPLIST_FILE = LocalTool/Info.plist;
				INFOPLIST_KEY_UIApplicationSupportsIndirectInputEvents = YES;
				INFOPLIST_KEY_UILaunchStoryboardName = LaunchScreen;
				INFOPLIST_KEY_UIMainStoryboardFile = Main;
				INFOPLIST_KEY_UISupportedInterfaceOrientations_iPad = "UIInterfaceOrientationPortrait UIInterfaceOrientationPortraitUpsideDown UIInterfaceOrientationLandscapeLeft UIInterfaceOrientationLandscapeRight";
				INFOPLIST_KEY_UISupportedInterfaceOrientations_iPhone = "UIInterfaceOrientationPortrait UIInterfaceOrientationLandscapeLeft UIInterfaceOrientationLandscapeRight";
				LD_RUNPATH_SEARCH_PATHS = (
					"$(inherited)",
					"@executable_path/Frameworks",
				);
				MARKETING_VERSION = 1.0;
				PRODUCT_BUNDLE_IDENTIFIER = com.junmaly.xmdemo.LocalTool;
				PRODUCT_NAME = "$(TARGET_NAME)";
				SWIFT_EMIT_LOC_STRINGS = YES;
				SWIFT_OBJC_BRIDGING_HEADER = "LocalTool/LocalTool-Bridging-Header.h";
				SWIFT_VERSION = 5.0;
				TARGETED_DEVICE_FAMILY = "1,2";
			};
			name = Release;
		};
/* End XCBuildConfiguration section */

/* Begin XCConfigurationList section */
		01E76CD52C33B1F300143560 /* Build configuration list for PBXProject "LocalTool" */ = {
			isa = XCConfigurationList;
			buildConfigurations = (
				01E76CF12C33B1F400143560 /* Debug */,
				01E76CF22C33B1F400143560 /* Release */,
			);
			defaultConfigurationIsVisible = 0;
			defaultConfigurationName = Release;
		};
		01E76CF32C33B1F400143560 /* Build configuration list for PBXNativeTarget "LocalTool" */ = {
			isa = XCConfigurationList;
			buildConfigurations = (
				01E76CF42C33B1F400143560 /* Debug */,
				01E76CF52C33B1F400143560 /* Release */,
			);
			defaultConfigurationIsVisible = 0;
			defaultConfigurationName = Release;
		};
/* End XCConfigurationList section */
	};
	rootObject = 01E76CD22C33B1F300143560 /* Project object */;
}
